# This is a Gradle generated file for dependency locking.
# Manual edits can break the build and are not advised.
# This file is expected to be part of source control.
# To regenerate this file, run: ./gradlew :dependencies --write-locks
com.fasterxml.jackson.core:jackson-annotations:2.18.2=runtimeLibs
com.fasterxml.jackson.core:jackson-core:2.18.2=runtimeLibs
com.fasterxml.jackson.core:jackson-databind:2.18.2=runtimeLibs
com.fasterxml.jackson:jackson-bom:2.18.2=runtimeLibs
com.google.errorprone:error_prone_annotations:2.36.0=runtimeLibs
com.google.guava:failureaccess:1.0.3=runtimeLibs
com.google.guava:guava:33.4.8-jre=runtimeLibs
com.google.guava:listenablefuture:9999.0-empty-to-avoid-conflict-with-guava=runtimeLibs
com.google.j2objc:j2objc-annotations:3.0.0=runtimeLibs
com.ibm.icu:icu4j:77.1=runtimeLibs
com.jayway.jsonpath:json-path-assert:2.8.0=runtimeLibs
com.jayway.jsonpath:json-path:2.8.0=runtimeLibs
com.thoughtworks.qdox:qdox:1.12=runtimeLibs
com.twelvemonkeys.common:common-image:3.9.4=runtimeLibs
com.twelvemonkeys.common:common-io:3.9.4=runtimeLibs
com.twelvemonkeys.common:common-lang:3.9.4=runtimeLibs
com.twelvemonkeys.imageio:imageio-core:3.9.4=runtimeLibs
com.twelvemonkeys.imageio:imageio-jpeg:3.9.4=runtimeLibs
com.twelvemonkeys.imageio:imageio-metadata:3.9.4=runtimeLibs
commons-codec:commons-codec:1.19.0=runtimeLibs
commons-io:commons-io:2.20.0=runtimeLibs
commons-logging:commons-logging:1.3.3=runtimeLibs
isorelax:isorelax:20030108=runtimeLibs
net.minidev:accessors-smart:2.4.9=runtimeLibs
net.minidev:json-smart:2.4.10=runtimeLibs
net.sf.saxon:Saxon-HE:12.9=runtimeLibs
nu.validator:galimatias:0.1.3=runtimeLibs
org.apache.commons:commons-compress:1.28.0=runtimeLibs
org.apache.commons:commons-lang3:3.18.0=runtimeLibs
org.apache.pdfbox:fontbox:3.0.3=runtimeLibs
org.apache.pdfbox:pdfbox-io:3.0.3=runtimeLibs
org.apache.xmlgraphics:batik-anim:1.19=runtimeLibs
org.apache.xmlgraphics:batik-awt-util:1.19=runtimeLibs
org.apache.xmlgraphics:batik-bridge:1.19=runtimeLibs
org.apache.xmlgraphics:batik-codec:1.19=runtimeLibs
org.apache.xmlgraphics:batik-constants:1.19=runtimeLibs
org.apache.xmlgraphics:batik-css:1.19=runtimeLibs
org.apache.xmlgraphics:batik-dom:1.19=runtimeLibs
org.apache.xmlgraphics:batik-ext:1.19=runtimeLibs
org.apache.xmlgraphics:batik-extension:1.19=runtimeLibs
org.apache.xmlgraphics:batik-gvt:1.19=runtimeLibs
org.apache.xmlgraphics:batik-i18n:1.19=runtimeLibs
org.apache.xmlgraphics:batik-parser:1.19=runtimeLibs
org.apache.xmlgraphics:batik-script:1.19=runtimeLibs
org.apache.xmlgraphics:batik-shared-resources:1.19=runtimeLibs
org.apache.xmlgraphics:batik-svg-dom:1.19=runtimeLibs
org.apache.xmlgraphics:batik-svggen:1.19=runtimeLibs
org.apache.xmlgraphics:batik-transcoder:1.19=runtimeLibs
org.apache.xmlgraphics:batik-util:1.19=runtimeLibs
org.apache.xmlgraphics:batik-xml:1.19=runtimeLibs
org.apache.xmlgraphics:fop-core:2.11=runtimeLibs
org.apache.xmlgraphics:fop-events:2.11=runtimeLibs
org.apache.xmlgraphics:fop-util:2.11=runtimeLibs
org.apache.xmlgraphics:fop:2.11=runtimeLibs
org.apache.xmlgraphics:xmlgraphics-commons:2.11=runtimeLibs
org.hamcrest:hamcrest:2.2=runtimeLibs
org.jspecify:jspecify:1.0.0=runtimeLibs
org.ow2.asm:asm:9.3=runtimeLibs
org.relaxng:jing:20181222=runtimeLibs
org.slf4j:slf4j-api:1.7.36=runtimeLibs
org.slf4j:slf4j-simple:1.7.36=runtimeLibs
org.w3c.css:sac:1.3=runtimeLibs
org.w3c:epubcheck:5.3.0=runtimeLibs
org.xmlresolver:xmlresolver:5.3.3=runtimeLibs
xerces:xercesImpl:2.12.2=runtimeLibs
xml-apis:xml-apis-ext:1.3.04=runtimeLibs
xml-apis:xml-apis:1.4.01=runtimeLibs
empty=
